
Microsoft Visual Studio Solution File, Format Version 12.00
# Visual Studio Version 17
VisualStudioVersion = 17.9.34414.90
MinimumVisualStudioVersion = 10.0.40219.1
Project("{FAE04EC0-301F-11D3-BF4B-00C04F79EFBC}") = "ppedv.PizzaPizzaPizza.Model", "ppedv.PizzaPizzaPizza.Model\ppedv.PizzaPizzaPizza.Model.csproj", "{3C3CEAB6-DD50-4AD8-A42D-378288670B57}"
EndProject
Project("{FAE04EC0-301F-11D3-BF4B-00C04F79EFBC}") = "ppedv.PizzaPizzaPizza.Data.EfCore", "ppedv.PizzaPizzaPizza.Data.EfCore\ppedv.PizzaPizzaPizza.Data.EfCore.csproj", "{9E7FB9DA-207C-4951-9A76-2F2DE44D9A1C}"
EndProject
Global
	GlobalSection(SolutionConfigurationPlatforms) = preSolution
		Debug|Any CPU = Debug|Any CPU
		Release|Any CPU = Release|Any CPU
	EndGlobalSection
	GlobalSection(ProjectConfigurationPlatforms) = postSolution
		{3C3CEAB6-DD50-4AD8-A42D-378288670B57}.Debug|Any CPU.ActiveCfg = Debug|Any CPU
		{3C3CEAB6-DD50-4AD8-A42D-378288670B57}.Debug|Any CPU.Build.0 = Debug|Any CPU
		{3C3CEAB6-DD50-4AD8-A42D-378288670B57}.Release|Any CPU.ActiveCfg = Release|Any CPU
		{3C3CEAB6-DD50-4AD8-A42D-378288670B57}.Release|Any CPU.Build.0 = Release|Any CPU
		{9E7FB9DA-207C-4951-9A76-2F2DE44D9A1C}.Debug|Any CPU.ActiveCfg = Debug|Any CPU
		{9E7FB9DA-207C-4951-9A76-2F2DE44D9A1C}.Debug|Any CPU.Build.0 = Debug|Any CPU
		{9E7FB9DA-207C-4951-9A76-2F2DE44D9A1C}.Release|Any CPU.ActiveCfg = Release|Any CPU
		{9E7FB9DA-207C-4951-9A76-2F2DE44D9A1C}.Release|Any CPU.Build.0 = Release|Any CPU
	EndGlobalSection
	GlobalSection(SolutionProperties) = preSolution
		HideSolutionNode = FALSE
	EndGlobalSection
	GlobalSection(ExtensibilityGlobals) = postSolution
		SolutionGuid = {251312D1-7F6A-4AEA-ABF1-08CDD5CA7BF8}
	EndGlobalSection
EndGlobal
