
Microsoft Visual Studio Solution File, Format Version 12.00
# Visual Studio Version 17
VisualStudioVersion = 17.9.34414.90
MinimumVisualStudioVersion = 10.0.40219.1
Project("{FAE04EC0-301F-11D3-BF4B-00C04F79EFBC}") = "ppedv.PizzaPizzaPizza.Model", "ppedv.PizzaPizzaPizza.Model\ppedv.PizzaPizzaPizza.Model.csproj", "{3C3CEAB6-DD50-4AD8-A42D-378288670B57}"
EndProject
Project("{FAE04EC0-301F-11D3-BF4B-00C04F79EFBC}") = "ppedv.PizzaPizzaPizza.Data.EfCore", "ppedv.PizzaPizzaPizza.Data.EfCore\ppedv.PizzaPizzaPizza.Data.EfCore.csproj", "{9E7FB9DA-207C-4951-9A76-2F2DE44D9A1C}"
EndProject
Project("{FAE04EC0-301F-11D3-BF4B-00C04F79EFBC}") = "ppedv.PizzaPizzaPizza.Data.EfCore.Tests", "ppedv.PizzaPizzaPizza.Data.EfCore.Tests\ppedv.PizzaPizzaPizza.Data.EfCore.Tests.csproj", "{C6F061B8-184A-4BB6-BA15-9E1B50DF09D8}"
EndProject
Project("{FAE04EC0-301F-11D3-BF4B-00C04F79EFBC}") = "ppedv.PizzaPizzaPizza.Logic", "ppedv.PizzaPizzaPizza.Logic\ppedv.PizzaPizzaPizza.Logic.csproj", "{A00A619C-9101-40A1-9925-C327435A2700}"
EndProject
Project("{FAE04EC0-301F-11D3-BF4B-00C04F79EFBC}") = "ppedv.PizzaPizzaPizza.Logic.Tests", "ppedv.PizzaPizzaPizza.Logic.Tests\ppedv.PizzaPizzaPizza.Logic.Tests.csproj", "{27156F64-84C5-482D-9549-88965AB4E4EC}"
EndProject
Project("{FAE04EC0-301F-11D3-BF4B-00C04F79EFBC}") = "ppedv.PizzaPizzaPizza.UI.DevConsole", "ppedv.PizzaPizzaPizza.UI.DevConsole\ppedv.PizzaPizzaPizza.UI.DevConsole.csproj", "{215D6D76-D32F-413A-86C1-94C00A9E40ED}"
EndProject
Global
	GlobalSection(SolutionConfigurationPlatforms) = preSolution
		Debug|Any CPU = Debug|Any CPU
		Release|Any CPU = Release|Any CPU
	EndGlobalSection
	GlobalSection(ProjectConfigurationPlatforms) = postSolution
		{3C3CEAB6-DD50-4AD8-A42D-378288670B57}.Debug|Any CPU.ActiveCfg = Debug|Any CPU
		{3C3CEAB6-DD50-4AD8-A42D-378288670B57}.Debug|Any CPU.Build.0 = Debug|Any CPU
		{3C3CEAB6-DD50-4AD8-A42D-378288670B57}.Release|Any CPU.ActiveCfg = Release|Any CPU
		{3C3CEAB6-DD50-4AD8-A42D-378288670B57}.Release|Any CPU.Build.0 = Release|Any CPU
		{9E7FB9DA-207C-4951-9A76-2F2DE44D9A1C}.Debug|Any CPU.ActiveCfg = Debug|Any CPU
		{9E7FB9DA-207C-4951-9A76-2F2DE44D9A1C}.Debug|Any CPU.Build.0 = Debug|Any CPU
		{9E7FB9DA-207C-4951-9A76-2F2DE44D9A1C}.Release|Any CPU.ActiveCfg = Release|Any CPU
		{9E7FB9DA-207C-4951-9A76-2F2DE44D9A1C}.Release|Any CPU.Build.0 = Release|Any CPU
		{C6F061B8-184A-4BB6-BA15-9E1B50DF09D8}.Debug|Any CPU.ActiveCfg = Debug|Any CPU
		{C6F061B8-184A-4BB6-BA15-9E1B50DF09D8}.Debug|Any CPU.Build.0 = Debug|Any CPU
		{C6F061B8-184A-4BB6-BA15-9E1B50DF09D8}.Release|Any CPU.ActiveCfg = Release|Any CPU
		{C6F061B8-184A-4BB6-BA15-9E1B50DF09D8}.Release|Any CPU.Build.0 = Release|Any CPU
		{A00A619C-9101-40A1-9925-C327435A2700}.Debug|Any CPU.ActiveCfg = Debug|Any CPU
		{A00A619C-9101-40A1-9925-C327435A2700}.Debug|Any CPU.Build.0 = Debug|Any CPU
		{A00A619C-9101-40A1-9925-C327435A2700}.Release|Any CPU.ActiveCfg = Release|Any CPU
		{A00A619C-9101-40A1-9925-C327435A2700}.Release|Any CPU.Build.0 = Release|Any CPU
		{27156F64-84C5-482D-9549-88965AB4E4EC}.Debug|Any CPU.ActiveCfg = Debug|Any CPU
		{27156F64-84C5-482D-9549-88965AB4E4EC}.Debug|Any CPU.Build.0 = Debug|Any CPU
		{27156F64-84C5-482D-9549-88965AB4E4EC}.Release|Any CPU.ActiveCfg = Release|Any CPU
		{27156F64-84C5-482D-9549-88965AB4E4EC}.Release|Any CPU.Build.0 = Release|Any CPU
		{215D6D76-D32F-413A-86C1-94C00A9E40ED}.Debug|Any CPU.ActiveCfg = Debug|Any CPU
		{215D6D76-D32F-413A-86C1-94C00A9E40ED}.Debug|Any CPU.Build.0 = Debug|Any CPU
		{215D6D76-D32F-413A-86C1-94C00A9E40ED}.Release|Any CPU.ActiveCfg = Release|Any CPU
		{215D6D76-D32F-413A-86C1-94C00A9E40ED}.Release|Any CPU.Build.0 = Release|Any CPU
	EndGlobalSection
	GlobalSection(SolutionProperties) = preSolution
		HideSolutionNode = FALSE
	EndGlobalSection
	GlobalSection(ExtensibilityGlobals) = postSolution
		SolutionGuid = {251312D1-7F6A-4AEA-ABF1-08CDD5CA7BF8}
	EndGlobalSection
EndGlobal
